
Microsoft Visual Studio Solution File, Format Version 12.00
# Visual Studio Version 17
VisualStudioVersion = 17.9.34622.214
MinimumVisualStudioVersion = 10.0.40219.1
Project("{FAE04EC0-301F-11D3-BF4B-00C04F79EFBC}") = "DataLayer", "DataLayer\DataLayer.csproj", "{14BCA2C7-46AA-497A-BA87-AD58AA6C26AA}"
EndProject
Project("{FAE04EC0-301F-11D3-BF4B-00C04F79EFBC}") = "BusinessLayer", "BusinessLayer\BusinessLayer.csproj", "{07CBC126-35A1-44B9-8CC3-F3E5C33FF1B8}"
EndProject
Project("{FAE04EC0-301F-11D3-BF4B-00C04F79EFBC}") = "FLIGHTS", "FLIGHT\FLIGHTS.csproj", "{157E6965-840E-4A5A-B8CB-7D0288FA754E}"
EndProject
Project("{54435603-DBB4-11D2-8724-00A0C9A8B90C}") = "Setup", "Setup\Setup.vdproj", "{BF0E1FBE-9240-4CD2-81CA-2648D40CABCE}"
EndProject
Project("{FAE04EC0-301F-11D3-BF4B-00C04F79EFBC}") = "ADMIN", "ADMIN\ADMIN.csproj", "{DEC9FB8B-5F60-4882-9EC1-296AF9AF72AB}"
EndProject
Project("{54435603-DBB4-11D2-8724-00A0C9A8B90C}") = "Ad", "Ad\Ad.vdproj", "{BB45FA57-59E5-4E48-80DA-6AD0FCFA401A}"
EndProject
Global
	GlobalSection(SolutionConfigurationPlatforms) = preSolution
		Debug|Any CPU = Debug|Any CPU
		Release|Any CPU = Release|Any CPU
	EndGlobalSection
	GlobalSection(ProjectConfigurationPlatforms) = postSolution
		{14BCA2C7-46AA-497A-BA87-AD58AA6C26AA}.Debug|Any CPU.ActiveCfg = Debug|Any CPU
		{14BCA2C7-46AA-497A-BA87-AD58AA6C26AA}.Debug|Any CPU.Build.0 = Debug|Any CPU
		{14BCA2C7-46AA-497A-BA87-AD58AA6C26AA}.Release|Any CPU.ActiveCfg = Release|Any CPU
		{14BCA2C7-46AA-497A-BA87-AD58AA6C26AA}.Release|Any CPU.Build.0 = Release|Any CPU
		{07CBC126-35A1-44B9-8CC3-F3E5C33FF1B8}.Debug|Any CPU.ActiveCfg = Debug|Any CPU
		{07CBC126-35A1-44B9-8CC3-F3E5C33FF1B8}.Debug|Any CPU.Build.0 = Debug|Any CPU
		{07CBC126-35A1-44B9-8CC3-F3E5C33FF1B8}.Release|Any CPU.ActiveCfg = Release|Any CPU
		{07CBC126-35A1-44B9-8CC3-F3E5C33FF1B8}.Release|Any CPU.Build.0 = Release|Any CPU
		{157E6965-840E-4A5A-B8CB-7D0288FA754E}.Debug|Any CPU.ActiveCfg = Debug|Any CPU
		{157E6965-840E-4A5A-B8CB-7D0288FA754E}.Debug|Any CPU.Build.0 = Debug|Any CPU
		{157E6965-840E-4A5A-B8CB-7D0288FA754E}.Release|Any CPU.ActiveCfg = Release|Any CPU
		{157E6965-840E-4A5A-B8CB-7D0288FA754E}.Release|Any CPU.Build.0 = Release|Any CPU
		{BF0E1FBE-9240-4CD2-81CA-2648D40CABCE}.Debug|Any CPU.ActiveCfg = Debug
		{BF0E1FBE-9240-4CD2-81CA-2648D40CABCE}.Release|Any CPU.ActiveCfg = Release
		{DEC9FB8B-5F60-4882-9EC1-296AF9AF72AB}.Debug|Any CPU.ActiveCfg = Debug|Any CPU
		{DEC9FB8B-5F60-4882-9EC1-296AF9AF72AB}.Debug|Any CPU.Build.0 = Debug|Any CPU
		{DEC9FB8B-5F60-4882-9EC1-296AF9AF72AB}.Release|Any CPU.ActiveCfg = Release|Any CPU
		{DEC9FB8B-5F60-4882-9EC1-296AF9AF72AB}.Release|Any CPU.Build.0 = Release|Any CPU
		{BB45FA57-59E5-4E48-80DA-6AD0FCFA401A}.Debug|Any CPU.ActiveCfg = Debug
		{BB45FA57-59E5-4E48-80DA-6AD0FCFA401A}.Release|Any CPU.ActiveCfg = Release
	EndGlobalSection
	GlobalSection(SolutionProperties) = preSolution
		HideSolutionNode = FALSE
	EndGlobalSection
	GlobalSection(ExtensibilityGlobals) = postSolution
		SolutionGuid = {1C38139F-E124-47DF-ABD1-B3E9EC36A1BF}
	EndGlobalSection
EndGlobal
